{
  "name": "terse-bench-toon",
  "lockfileVersion": 3,
  "requires": true,
  "packages": {
    "": {
      "name": "terse-bench-toon",
      "dependencies": {
        "@toon-format/toon": "4.1.1",
        "compressmcp": "0.4.0"
      }
    },
    "node_modules/@anthropic-ai/tokenizer": {
      "version": "0.0.4",
      "resolved": "https://registry.npmjs.org/@anthropic-ai/tokenizer/-/tokenizer-0.0.4.tgz",
      "integrity": "sha512-EHRKbxlxlc8W4KCBEseByJ7YwyYCmgu9OyN59H9+IYIGPoKv8tXyQXinkeGDI+cI8Tiuz9wk2jZb/kK7AyvL7g==",
      "license": "Apache-2.0",
      "dependencies": {
        "@types/node": "^18.11.18",
        "tiktoken": "^1.0.10"
      }
    },
    "node_modules/@toon-format/toon": {
      "version": "4.1.1",
      "resolved": "https://registry.npmjs.org/@toon-format/toon/-/toon-4.1.1.tgz",
      "integrity": "sha512-SGCkS7IjVpwRmGPgnY8ENKpAf0EdAnZDOQkvFW0d2cgOpdn9FEFl7sTgryESyypXrWr0YajHGpwsAUX4zw9ZvA==",
      "license": "MIT"
    },
    "node_modules/@types/node": {
      "version": "18.19.130",
      "resolved": "https://registry.npmjs.org/@types/node/-/node-18.19.130.tgz",
      "integrity": "sha512-GRaXQx6jGfL8sKfaIDD6OupbIHBr9jv7Jnaml9tB7l4v068PAOXqfcujMMo5PhbIs6ggR1XODELqahT2R8v0fg==",
      "license": "MIT",
      "dependencies": {
        "undici-types": "~5.26.4"
      }
    },
    "node_modules/compressmcp": {
      "version": "0.4.0",
      "resolved": "https://registry.npmjs.org/compressmcp/-/compressmcp-0.4.0.tgz",
      "integrity": "sha512-oO2kVGodSPsjpylro6rv5tLnqMyarce61axyEJGZy6419T16/sP0/damvqpBm+CjOZrduAxKmUBRDztSZYgQQg==",
      "license": "MIT",
      "dependencies": {
        "@anthropic-ai/tokenizer": "^0.0.4",
        "tersejson": "*"
      },
      "bin": {
        "compressmcp": "dist/index.js"
      },
      "engines": {
        "node": ">=18.0.0"
      }
    },
    "node_modules/tersejson": {
      "version": "0.4.0",
      "resolved": "https://registry.npmjs.org/tersejson/-/tersejson-0.4.0.tgz",
      "integrity": "sha512-iGHldElJNzDKvWNfHZmz2ojiSAbuew85TO7iKdBvXOaPQBrvidmdvXgvgUkZF5uyd3JV3gYnCQNrdGtmo+pvqw==",
      "license": "MIT",
      "engines": {
        "node": ">=16.0.0"
      },
      "peerDependencies": {
        "@apollo/client": ">=3.0.0",
        "better-sqlite3": ">=9.0.0",
        "express": ">=4.0.0",
        "mongodb": ">=5.0.0",
        "mysql2": ">=3.0.0",
        "pg": ">=8.0.0",
        "sequelize": ">=6.0.0"
      },
      "peerDependenciesMeta": {
        "@apollo/client": {
          "optional": true
        },
        "better-sqlite3": {
          "optional": true
        },
        "express": {
          "optional": true
        },
        "mongodb": {
          "optional": true
        },
        "mysql2": {
          "optional": true
        },
        "pg": {
          "optional": true
        },
        "sequelize": {
          "optional": true
        }
      }
    },
    "node_modules/tiktoken": {
      "version": "1.0.22",
      "resolved": "https://registry.npmjs.org/tiktoken/-/tiktoken-1.0.22.tgz",
      "integrity": "sha512-PKvy1rVF1RibfF3JlXBSP0Jrcw2uq3yXdgcEXtKTYn3QJ/cBRBHDnrJ5jHky+MENZ6DIPwNUGWpkVx+7joCpNA==",
      "license": "MIT"
    },
    "node_modules/undici-types": {
      "version": "5.26.5",
      "resolved": "https://registry.npmjs.org/undici-types/-/undici-types-5.26.5.tgz",
      "integrity": "sha512-JlCMO+ehdEIKqlFxk6IfVoAUVmgz7cU7zD/h9XZ0qzeosSHmUJVOzSQvvYSYWXkFXC+IfLKSIffhv0sVZup6pA==",
      "license": "MIT"
    }
  }
}
